
Microsoft Visual Studio Solution File, Format Version 11.00
# Visual Studio 2010
Project("{E24C65DC-7377-472B-9ABA-BC803B73C61A}") = "nickel", ".", "{BEEFD902-50D4-4DE3-AC7C-AAD9AE7E3F88}"
	ProjectSection(WebsiteProperties) = preProject
		TargetFrameworkMoniker = ".NETFramework,Version%3Dv4.0"
		Debug.AspNetCompiler.VirtualPath = "/nickel"
		Debug.AspNetCompiler.PhysicalPath = "..\nickel\"
		Debug.AspNetCompiler.TargetPath = "PrecompiledWeb\nickel\"
		Debug.AspNetCompiler.Updateable = "true"
		Debug.AspNetCompiler.ForceOverwrite = "true"
		Debug.AspNetCompiler.FixedNames = "false"
		Debug.AspNetCompiler.Debug = "True"
		Release.AspNetCompiler.VirtualPath = "/nickel"
		Release.AspNetCompiler.PhysicalPath = "..\nickel\"
		Release.AspNetCompiler.TargetPath = "PrecompiledWeb\nickel\"
		Release.AspNetCompiler.Updateable = "true"
		Release.AspNetCompiler.ForceOverwrite = "true"
		Release.AspNetCompiler.FixedNames = "false"
		Release.AspNetCompiler.Debug = "False"
		VWDPort = "52419"
	EndProjectSection
EndProject
Global
	GlobalSection(SolutionConfigurationPlatforms) = preSolution
		Debug|Any CPU = Debug|Any CPU
	EndGlobalSection
	GlobalSection(ProjectConfigurationPlatforms) = postSolution
		{BEEFD902-50D4-4DE3-AC7C-AAD9AE7E3F88}.Debug|Any CPU.ActiveCfg = Debug|Any CPU
		{BEEFD902-50D4-4DE3-AC7C-AAD9AE7E3F88}.Debug|Any CPU.Build.0 = Debug|Any CPU
	EndGlobalSection
	GlobalSection(SolutionProperties) = preSolution
		HideSolutionNode = FALSE
	EndGlobalSection
EndGlobal
